{
  "pins" : [
    {
      "identity" : "compute",
      "kind" : "remoteSourceControl",
      "location" : "https://github.com/swift-cloud/Compute",
      "state" : {
        "branch" : "ab/fanout",
        "revision" : "34dd1f09fc9604a0485433c705a4654056bb520c"
      }
    },
    {
      "identity" : "crypto",
      "kind" : "remoteSourceControl",
      "location" : "https://github.com/swift-cloud/Crypto",
      "state" : {
        "revision" : "defff250bbd79d81fb8ee53926360fc522d75bad",
        "version" : "1.6.0"
      }
    }
  ],
  "version" : 2
}
