{
  "pins" : [
    {
      "identity" : "compute",
      "kind" : "remoteSourceControl",
      "location" : "https://github.com/swift-cloud/Compute",
      "state" : {
        "branch" : "ab/fanout",
        "revision" : "6bafa36d584413278db7d85c8f487c734ea01330"
      }
    },
    {
      "identity" : "swift-crypto",
      "kind" : "remoteSourceControl",
      "location" : "https://github.com/swift-cloud/swift-crypto",
      "state" : {
        "branch" : "main",
        "revision" : "fc42ff9a287091289fec2b63ae5009c3a2baad4d"
      }
    }
  ],
  "version" : 2
}
